// !$*UTF8*$!
{
	archiveVersion = 1;
	classes = {
	};
	objectVersion = 46;
	objects = {

/* Begin PBXBuildFile section */
		ABA6537016D4C4BB001B9E40 /* main.cpp in Sources */ = {isa = PBXBuildFile; fileRef = ABA6536F16D4C4BB001B9E40 /* main.cpp */; };
		ABA6537216D4C4BB001B9E40 /* assembly_line_dynamic.1 in CopyFiles */ = {isa = PBXBuildFile; fileRef = ABA6537116D4C4BB001B9E40 /* assembly_line_dynamic.1 */; };
/* End PBXBuildFile section */

/* Begin PBXCopyFilesBuildPhase section */
		ABA6536916D4C4BB001B9E40 /* CopyFiles */ = {
			isa = PBXCopyFilesBuildPhase;
			buildActionMask = 2147483647;
			dstPath = /usr/share/man/man1/;
			dstSubfolderSpec = 0;
			files = (
				ABA6537216D4C4BB001B9E40 /* assembly_line_dynamic.1 in CopyFiles */,
			);
			runOnlyForDeploymentPostprocessing = 1;
		};
/* End PBXCopyFilesBuildPhase section */

/* Begin PBXFileReference section */
		ABA6536B16D4C4BB001B9E40 /* assembly_line_dynamic */ = {isa = PBXFileReference; explicitFileType = "compiled.mach-o.executable"; includeInIndex = 0; path = assembly_line_dynamic; sourceTree = BUILT_PRODUCTS_DIR; };
		ABA6536F16D4C4BB001B9E40 /* main.cpp */ = {isa = PBXFileReference; lastKnownFileType = sourcecode.cpp.cpp; path = main.cpp; sourceTree = "<group>"; };
		ABA6537116D4C4BB001B9E40 /* assembly_line_dynamic.1 */ = {isa = PBXFileReference; lastKnownFileType = text.man; path = assembly_line_dynamic.1; sourceTree = "<group>"; };
/* End PBXFileReference section */

/* Begin PBXFrameworksBuildPhase section */
		ABA6536816D4C4BB001B9E40 /* Frameworks */ = {
			isa = PBXFrameworksBuildPhase;
			buildActionMask = 2147483647;
			files = (
			);
			runOnlyForDeploymentPostprocessing = 0;
		};
/* End PBXFrameworksBuildPhase section */

/* Begin PBXGroup section */
		ABA6536016D4C4BB001B9E40 = {
			isa = PBXGroup;
			children = (
				ABA6536E16D4C4BB001B9E40 /* assembly_line_dynamic */,
				ABA6536C16D4C4BB001B9E40 /* Products */,
			);
			sourceTree = "<group>";
		};
		ABA6536C16D4C4BB001B9E40 /* Products */ = {
			isa = PBXGroup;
			children = (
				ABA6536B16D4C4BB001B9E40 /* assembly_line_dynamic */,
			);
			name = Products;
			sourceTree = "<group>";
		};
		ABA6536E16D4C4BB001B9E40 /* assembly_line_dynamic */ = {
			isa = PBXGroup;
			children = (
				ABA6536F16D4C4BB001B9E40 /* main.cpp */,
				ABA6537116D4C4BB001B9E40 /* assembly_line_dynamic.1 */,
			);
			path = assembly_line_dynamic;
			sourceTree = "<group>";
		};
/* End PBXGroup section */

/* Begin PBXNativeTarget section */
		ABA6536A16D4C4BB001B9E40 /* assembly_line_dynamic */ = {
			isa = PBXNativeTarget;
			buildConfigurationList = ABA6537516D4C4BB001B9E40 /* Build configuration list for PBXNativeTarget "assembly_line_dynamic" */;
			buildPhases = (
				ABA6536716D4C4BB001B9E40 /* Sources */,
				ABA6536816D4C4BB001B9E40 /* Frameworks */,
				ABA6536916D4C4BB001B9E40 /* CopyFiles */,
			);
			buildRules = (
			);
			dependencies = (
			);
			name = assembly_line_dynamic;
			productName = assembly_line_dynamic;
			productReference = ABA6536B16D4C4BB001B9E40 /* assembly_line_dynamic */;
			productType = "com.apple.product-type.tool";
		};
/* End PBXNativeTarget section */

/* Begin PBXProject section */
		ABA6536216D4C4BB001B9E40 /* Project object */ = {
			isa = PBXProject;
			attributes = {
				LastUpgradeCheck = 0420;
			};
			buildConfigurationList = ABA6536516D4C4BB001B9E40 /* Build configuration list for PBXProject "assembly_line_dynamic" */;
			compatibilityVersion = "Xcode 3.2";
			developmentRegion = English;
			hasScannedForEncodings = 0;
			knownRegions = (
				en,
			);
			mainGroup = ABA6536016D4C4BB001B9E40;
			productRefGroup = ABA6536C16D4C4BB001B9E40 /* Products */;
			projectDirPath = "";
			projectRoot = "";
			targets = (
				ABA6536A16D4C4BB001B9E40 /* assembly_line_dynamic */,
			);
		};
/* End PBXProject section */

/* Begin PBXSourcesBuildPhase section */
		ABA6536716D4C4BB001B9E40 /* Sources */ = {
			isa = PBXSourcesBuildPhase;
			buildActionMask = 2147483647;
			files = (
				ABA6537016D4C4BB001B9E40 /* main.cpp in Sources */,
			);
			runOnlyForDeploymentPostprocessing = 0;
		};
/* End PBXSourcesBuildPhase section */

/* Begin XCBuildConfiguration section */
		ABA6537316D4C4BB001B9E40 /* Debug */ = {
			isa = XCBuildConfiguration;
			buildSettings = {
				ALWAYS_SEARCH_USER_PATHS = NO;
				ARCHS = "$(ARCHS_STANDARD_64_BIT)";
				CLANG_ENABLE_OBJC_ARC = YES;
				COPY_PHASE_STRIP = NO;
				GCC_C_LANGUAGE_STANDARD = gnu99;
				GCC_DYNAMIC_NO_PIC = NO;
				GCC_ENABLE_OBJC_EXCEPTIONS = YES;
				GCC_OPTIMIZATION_LEVEL = 0;
				GCC_PREPROCESSOR_DEFINITIONS = (
					"DEBUG=1",
					"$(inherited)",
				);
				GCC_SYMBOLS_PRIVATE_EXTERN = NO;
				GCC_VERSION = com.apple.compilers.llvm.clang.1_0;
				GCC_WARN_64_TO_32_BIT_CONVERSION = YES;
				GCC_WARN_ABOUT_MISSING_PROTOTYPES = YES;
				GCC_WARN_ABOUT_RETURN_TYPE = YES;
				GCC_WARN_UNUSED_VARIABLE = YES;
				MACOSX_DEPLOYMENT_TARGET = 10.7;
				ONLY_ACTIVE_ARCH = YES;
				SDKROOT = macosx;
			};
			name = Debug;
		};
		ABA6537416D4C4BB001B9E40 /* Release */ = {
			isa = XCBuildConfiguration;
			buildSettings = {
				ALWAYS_SEARCH_USER_PATHS = NO;
				ARCHS = "$(ARCHS_STANDARD_64_BIT)";
				CLANG_ENABLE_OBJC_ARC = YES;
				COPY_PHASE_STRIP = YES;
				DEBUG_INFORMATION_FORMAT = "dwarf-with-dsym";
				GCC_C_LANGUAGE_STANDARD = gnu99;
				GCC_ENABLE_OBJC_EXCEPTIONS = YES;
				GCC_VERSION = com.apple.compilers.llvm.clang.1_0;
				GCC_WARN_64_TO_32_BIT_CONVERSION = YES;
				GCC_WARN_ABOUT_MISSING_PROTOTYPES = YES;
				GCC_WARN_ABOUT_RETURN_TYPE = YES;
				GCC_WARN_UNUSED_VARIABLE = YES;
				MACOSX_DEPLOYMENT_TARGET = 10.7;
				SDKROOT = macosx;
			};
			name = Release;
		};
		ABA6537616D4C4BB001B9E40 /* Debug */ = {
			isa = XCBuildConfiguration;
			buildSettings = {
				PRODUCT_NAME = "$(TARGET_NAME)";
			};
			name = Debug;
		};
		ABA6537716D4C4BB001B9E40 /* Release */ = {
			isa = XCBuildConfiguration;
			buildSettings = {
				PRODUCT_NAME = "$(TARGET_NAME)";
			};
			name = Release;
		};
/* End XCBuildConfiguration section */

/* Begin XCConfigurationList section */
		ABA6536516D4C4BB001B9E40 /* Build configuration list for PBXProject "assembly_line_dynamic" */ = {
			isa = XCConfigurationList;
			buildConfigurations = (
				ABA6537316D4C4BB001B9E40 /* Debug */,
				ABA6537416D4C4BB001B9E40 /* Release */,
			);
			defaultConfigurationIsVisible = 0;
			defaultConfigurationName = Release;
		};
		ABA6537516D4C4BB001B9E40 /* Build configuration list for PBXNativeTarget "assembly_line_dynamic" */ = {
			isa = XCConfigurationList;
			buildConfigurations = (
				ABA6537616D4C4BB001B9E40 /* Debug */,
				ABA6537716D4C4BB001B9E40 /* Release */,
			);
			defaultConfigurationIsVisible = 0;
		};
/* End XCConfigurationList section */
	};
	rootObject = ABA6536216D4C4BB001B9E40 /* Project object */;
}
